
Microsoft Visual Studio Solution File, Format Version 12.00
# Visual Studio 15
VisualStudioVersion = 15.0.28010.2050
MinimumVisualStudioVersion = 10.0.40219.1
Project("{2150E333-8FDC-42A3-9474-1A3956D46DE8}") = "src", "src", "{F4A76201-019A-4ACE-9A56-F9F19A97892F}"
EndProject
Project("{FAE04EC0-301F-11D3-BF4B-00C04F79EFBC}") = "EchoDotNetLite", "src\EchoDotNetLite\EchoDotNetLite.csproj", "{99D0FCBA-04F3-4BDF-AC6B-20CC5F78828A}"
EndProject
Project("{FAE04EC0-301F-11D3-BF4B-00C04F79EFBC}") = "EchoDotNetLite.Specifications", "src\EchoDotNetLite.Specifications\EchoDotNetLite.Specifications.csproj", "{57A64E38-D240-452F-8815-9B99DA7A3E9C}"
EndProject
Project("{2150E333-8FDC-42A3-9474-1A3956D46DE8}") = "examples", "examples", "{C0D99AF0-FCA9-428F-BF4A-920DB97A813A}"
EndProject
Project("{2150E333-8FDC-42A3-9474-1A3956D46DE8}") = "EchoDotNetLite", "EchoDotNetLite", "{273991AA-E9B8-47A5-AE02-31F56B6C8B8B}"
EndProject
Project("{FAE04EC0-301F-11D3-BF4B-00C04F79EFBC}") = "EchoDotNetLiteLANBridge.Example", "examples\EchoDotNetLite\udp-handler\EchoDotNetLiteLANBridge.Example.csproj", "{8E720E2B-D920-4121-979C-771452931AB7}"
EndProject
Global
	GlobalSection(SolutionConfigurationPlatforms) = preSolution
		Debug|Any CPU = Debug|Any CPU
		Release|Any CPU = Release|Any CPU
	EndGlobalSection
	GlobalSection(ProjectConfigurationPlatforms) = postSolution
		{99D0FCBA-04F3-4BDF-AC6B-20CC5F78828A}.Debug|Any CPU.ActiveCfg = Debug|Any CPU
		{99D0FCBA-04F3-4BDF-AC6B-20CC5F78828A}.Debug|Any CPU.Build.0 = Debug|Any CPU
		{99D0FCBA-04F3-4BDF-AC6B-20CC5F78828A}.Release|Any CPU.ActiveCfg = Release|Any CPU
		{99D0FCBA-04F3-4BDF-AC6B-20CC5F78828A}.Release|Any CPU.Build.0 = Release|Any CPU
		{57A64E38-D240-452F-8815-9B99DA7A3E9C}.Debug|Any CPU.ActiveCfg = Debug|Any CPU
		{57A64E38-D240-452F-8815-9B99DA7A3E9C}.Debug|Any CPU.Build.0 = Debug|Any CPU
		{57A64E38-D240-452F-8815-9B99DA7A3E9C}.Release|Any CPU.ActiveCfg = Release|Any CPU
		{57A64E38-D240-452F-8815-9B99DA7A3E9C}.Release|Any CPU.Build.0 = Release|Any CPU
		{8E720E2B-D920-4121-979C-771452931AB7}.Debug|Any CPU.ActiveCfg = Debug|Any CPU
		{8E720E2B-D920-4121-979C-771452931AB7}.Debug|Any CPU.Build.0 = Debug|Any CPU
		{8E720E2B-D920-4121-979C-771452931AB7}.Release|Any CPU.ActiveCfg = Release|Any CPU
		{8E720E2B-D920-4121-979C-771452931AB7}.Release|Any CPU.Build.0 = Release|Any CPU
	EndGlobalSection
	GlobalSection(SolutionProperties) = preSolution
		HideSolutionNode = FALSE
	EndGlobalSection
	GlobalSection(NestedProjects) = preSolution
		{99D0FCBA-04F3-4BDF-AC6B-20CC5F78828A} = {F4A76201-019A-4ACE-9A56-F9F19A97892F}
		{57A64E38-D240-452F-8815-9B99DA7A3E9C} = {F4A76201-019A-4ACE-9A56-F9F19A97892F}
		{273991AA-E9B8-47A5-AE02-31F56B6C8B8B} = {C0D99AF0-FCA9-428F-BF4A-920DB97A813A}
		{8E720E2B-D920-4121-979C-771452931AB7} = {273991AA-E9B8-47A5-AE02-31F56B6C8B8B}
	EndGlobalSection
	GlobalSection(ExtensibilityGlobals) = postSolution
		SolutionGuid = {E87814A2-56F0-46FF-9549-22EBF4D837EF}
	EndGlobalSection
EndGlobal
