
Microsoft Visual Studio Solution File, Format Version 12.00
# Visual Studio 15
VisualStudioVersion = 15.0.28010.2050
MinimumVisualStudioVersion = 10.0.40219.1
Project("{2150E333-8FDC-42A3-9474-1A3956D46DE8}") = "src", "src", "{F4A76201-019A-4ACE-9A56-F9F19A97892F}"
EndProject
Project("{FAE04EC0-301F-11D3-BF4B-00C04F79EFBC}") = "EchoDotNetLite", "src\EchoDotNetLite\EchoDotNetLite.csproj", "{99D0FCBA-04F3-4BDF-AC6B-20CC5F78828A}"
EndProject
Project("{FAE04EC0-301F-11D3-BF4B-00C04F79EFBC}") = "EchoDotNetLite.Specifications", "src\EchoDotNetLite.Specifications\EchoDotNetLite.Specifications.csproj", "{57A64E38-D240-452F-8815-9B99DA7A3E9C}"
EndProject
Project("{FAE04EC0-301F-11D3-BF4B-00C04F79EFBC}") = "EchoDotNetLiteLANBridge.Example", "examples\EchoDotNetLite\udp-handler\EchoDotNetLiteLANBridge.Example.csproj", "{D47E34F5-D7F8-4613-A66C-C60E8DF17C4D}"
EndProject
Global
	GlobalSection(SolutionConfigurationPlatforms) = preSolution
		Debug|Any CPU = Debug|Any CPU
		Release|Any CPU = Release|Any CPU
	EndGlobalSection
	GlobalSection(ProjectConfigurationPlatforms) = postSolution
		{99D0FCBA-04F3-4BDF-AC6B-20CC5F78828A}.Debug|Any CPU.ActiveCfg = Debug|Any CPU
		{99D0FCBA-04F3-4BDF-AC6B-20CC5F78828A}.Debug|Any CPU.Build.0 = Debug|Any CPU
		{99D0FCBA-04F3-4BDF-AC6B-20CC5F78828A}.Release|Any CPU.ActiveCfg = Release|Any CPU
		{99D0FCBA-04F3-4BDF-AC6B-20CC5F78828A}.Release|Any CPU.Build.0 = Release|Any CPU
		{57A64E38-D240-452F-8815-9B99DA7A3E9C}.Debug|Any CPU.ActiveCfg = Debug|Any CPU
		{57A64E38-D240-452F-8815-9B99DA7A3E9C}.Debug|Any CPU.Build.0 = Debug|Any CPU
		{57A64E38-D240-452F-8815-9B99DA7A3E9C}.Release|Any CPU.ActiveCfg = Release|Any CPU
		{57A64E38-D240-452F-8815-9B99DA7A3E9C}.Release|Any CPU.Build.0 = Release|Any CPU
		{D47E34F5-D7F8-4613-A66C-C60E8DF17C4D}.Debug|Any CPU.ActiveCfg = Debug|Any CPU
		{D47E34F5-D7F8-4613-A66C-C60E8DF17C4D}.Debug|Any CPU.Build.0 = Debug|Any CPU
		{D47E34F5-D7F8-4613-A66C-C60E8DF17C4D}.Release|Any CPU.ActiveCfg = Release|Any CPU
		{D47E34F5-D7F8-4613-A66C-C60E8DF17C4D}.Release|Any CPU.Build.0 = Release|Any CPU
	EndGlobalSection
	GlobalSection(SolutionProperties) = preSolution
		HideSolutionNode = FALSE
	EndGlobalSection
	GlobalSection(NestedProjects) = preSolution
		{99D0FCBA-04F3-4BDF-AC6B-20CC5F78828A} = {F4A76201-019A-4ACE-9A56-F9F19A97892F}
		{57A64E38-D240-452F-8815-9B99DA7A3E9C} = {F4A76201-019A-4ACE-9A56-F9F19A97892F}
		{D47E34F5-D7F8-4613-A66C-C60E8DF17C4D} = {F406EA76-FF69-448C-B3FD-7C7C775B00A3}
	EndGlobalSection
	GlobalSection(ExtensibilityGlobals) = postSolution
		SolutionGuid = {E87814A2-56F0-46FF-9549-22EBF4D837EF}
	EndGlobalSection
EndGlobal
